
Microsoft Visual Studio Solution File, Format Version 12.00
# Visual Studio Version 16
VisualStudioVersion = 16.0.30320.27
MinimumVisualStudioVersion = 10.0.40219.1
Project("{FAE04EC0-301F-11D3-BF4B-00C04F79EFBC}") = "AutomationTest", "AutomationTest.csproj", "{6D42AFF7-1945-4507-9F07-DE1C7FF1C8BB}"
EndProject
Global
	GlobalSection(SolutionConfigurationPlatforms) = preSolution
		Debug|Any CPU = Debug|Any CPU
		Release|Any CPU = Release|Any CPU
	EndGlobalSection
	GlobalSection(ProjectConfigurationPlatforms) = postSolution
		{6D42AFF7-1945-4507-9F07-DE1C7FF1C8BB}.Debug|Any CPU.ActiveCfg = Debug|Any CPU
		{6D42AFF7-1945-4507-9F07-DE1C7FF1C8BB}.Debug|Any CPU.Build.0 = Debug|Any CPU
		{6D42AFF7-1945-4507-9F07-DE1C7FF1C8BB}.Release|Any CPU.ActiveCfg = Release|Any CPU
		{6D42AFF7-1945-4507-9F07-DE1C7FF1C8BB}.Release|Any CPU.Build.0 = Release|Any CPU
	EndGlobalSection
	GlobalSection(SolutionProperties) = preSolution
		HideSolutionNode = FALSE
	EndGlobalSection
	GlobalSection(ExtensibilityGlobals) = postSolution
		SolutionGuid = {A6F1AAD6-C05B-4380-808E-046D23A92B85}
	EndGlobalSection
EndGlobal
